
Microsoft Visual Studio Solution File, Format Version 12.00
# Visual Studio Version 16
VisualStudioVersion = 16.0.29519.87
MinimumVisualStudioVersion = 10.0.40219.1
Project("{FAE04EC0-301F-11D3-BF4B-00C04F79EFBC}") = "CodeWars", "CodeWars.csproj", "{2F72429D-3FBF-4095-B983-5A0FE6E73451}"
EndProject
Global
	GlobalSection(SolutionConfigurationPlatforms) = preSolution
		Debug|Any CPU = Debug|Any CPU
		Release|Any CPU = Release|Any CPU
	EndGlobalSection
	GlobalSection(ProjectConfigurationPlatforms) = postSolution
		{2F72429D-3FBF-4095-B983-5A0FE6E73451}.Debug|Any CPU.ActiveCfg = Debug|Any CPU
		{2F72429D-3FBF-4095-B983-5A0FE6E73451}.Debug|Any CPU.Build.0 = Debug|Any CPU
		{2F72429D-3FBF-4095-B983-5A0FE6E73451}.Release|Any CPU.ActiveCfg = Release|Any CPU
		{2F72429D-3FBF-4095-B983-5A0FE6E73451}.Release|Any CPU.Build.0 = Release|Any CPU
	EndGlobalSection
	GlobalSection(SolutionProperties) = preSolution
		HideSolutionNode = FALSE
	EndGlobalSection
	GlobalSection(ExtensibilityGlobals) = postSolution
		SolutionGuid = {5066F0A0-8D8B-4DFE-AA91-B20BCE896752}
	EndGlobalSection
EndGlobal
